
Microsoft Visual Studio Solution File, Format Version 12.00
# Visual Studio Version 17
VisualStudioVersion = 17.12.35527.113 d17.12
MinimumVisualStudioVersion = 10.0.40219.1
Project("{FAE04EC0-301F-11D3-BF4B-00C04F79EFBC}") = "CSharpEgitimKampi301.EntityLayer", "CSharpEgitimKampi301.EntityLayer\CSharpEgitimKampi301.EntityLayer.csproj", "{6C245F05-57EE-4075-BC89-4F58E3E10FFC}"
EndProject
Project("{FAE04EC0-301F-11D3-BF4B-00C04F79EFBC}") = "CSharpEgitimKampi301.DataAccessLayer", "CSharpEgitimKampi301.DataAccessLayer\CSharpEgitimKampi301.DataAccessLayer.csproj", "{4E0C87D8-B874-4011-AA2F-DB592793F236}"
EndProject
Project("{FAE04EC0-301F-11D3-BF4B-00C04F79EFBC}") = "CSharpEgitimKampi301.BusinessLayer", "CSharpEgitimKampi301.BusinessLayer\CSharpEgitimKampi301.BusinessLayer.csproj", "{F4C15DCA-F8F0-4638-B65F-47986DB4B42D}"
EndProject
Project("{FAE04EC0-301F-11D3-BF4B-00C04F79EFBC}") = "CSharpEgitimKampi301.PresentationLayer", "CSharpEgitimKampi301.PresentationLayer\CSharpEgitimKampi301.PresentationLayer.csproj", "{6EDC3385-E9C8-4CD4-9D78-14703F960ABE}"
EndProject
Project("{FAE04EC0-301F-11D3-BF4B-00C04F79EFBC}") = "CSharpEgitimKampi301.EFProject", "CSharpEgitimKampi301.EFProject\CSharpEgitimKampi301.EFProject.csproj", "{76B29967-1E9E-4307-9AE2-B5FFF4D7F242}"
EndProject
Global
	GlobalSection(SolutionConfigurationPlatforms) = preSolution
		Debug|Any CPU = Debug|Any CPU
		Release|Any CPU = Release|Any CPU
	EndGlobalSection
	GlobalSection(ProjectConfigurationPlatforms) = postSolution
		{6C245F05-57EE-4075-BC89-4F58E3E10FFC}.Debug|Any CPU.ActiveCfg = Debug|Any CPU
		{6C245F05-57EE-4075-BC89-4F58E3E10FFC}.Debug|Any CPU.Build.0 = Debug|Any CPU
		{6C245F05-57EE-4075-BC89-4F58E3E10FFC}.Release|Any CPU.ActiveCfg = Release|Any CPU
		{6C245F05-57EE-4075-BC89-4F58E3E10FFC}.Release|Any CPU.Build.0 = Release|Any CPU
		{4E0C87D8-B874-4011-AA2F-DB592793F236}.Debug|Any CPU.ActiveCfg = Debug|Any CPU
		{4E0C87D8-B874-4011-AA2F-DB592793F236}.Debug|Any CPU.Build.0 = Debug|Any CPU
		{4E0C87D8-B874-4011-AA2F-DB592793F236}.Release|Any CPU.ActiveCfg = Release|Any CPU
		{4E0C87D8-B874-4011-AA2F-DB592793F236}.Release|Any CPU.Build.0 = Release|Any CPU
		{F4C15DCA-F8F0-4638-B65F-47986DB4B42D}.Debug|Any CPU.ActiveCfg = Debug|Any CPU
		{F4C15DCA-F8F0-4638-B65F-47986DB4B42D}.Debug|Any CPU.Build.0 = Debug|Any CPU
		{F4C15DCA-F8F0-4638-B65F-47986DB4B42D}.Release|Any CPU.ActiveCfg = Release|Any CPU
		{F4C15DCA-F8F0-4638-B65F-47986DB4B42D}.Release|Any CPU.Build.0 = Release|Any CPU
		{6EDC3385-E9C8-4CD4-9D78-14703F960ABE}.Debug|Any CPU.ActiveCfg = Debug|Any CPU
		{6EDC3385-E9C8-4CD4-9D78-14703F960ABE}.Debug|Any CPU.Build.0 = Debug|Any CPU
		{6EDC3385-E9C8-4CD4-9D78-14703F960ABE}.Release|Any CPU.ActiveCfg = Release|Any CPU
		{6EDC3385-E9C8-4CD4-9D78-14703F960ABE}.Release|Any CPU.Build.0 = Release|Any CPU
		{76B29967-1E9E-4307-9AE2-B5FFF4D7F242}.Debug|Any CPU.ActiveCfg = Debug|Any CPU
		{76B29967-1E9E-4307-9AE2-B5FFF4D7F242}.Debug|Any CPU.Build.0 = Debug|Any CPU
		{76B29967-1E9E-4307-9AE2-B5FFF4D7F242}.Release|Any CPU.ActiveCfg = Release|Any CPU
		{76B29967-1E9E-4307-9AE2-B5FFF4D7F242}.Release|Any CPU.Build.0 = Release|Any CPU
	EndGlobalSection
	GlobalSection(SolutionProperties) = preSolution
		HideSolutionNode = FALSE
	EndGlobalSection
EndGlobal
